
Microsoft Visual Studio Solution File, Format Version 12.00
# Visual Studio Version 16
VisualStudioVersion = 16.0.29926.136
MinimumVisualStudioVersion = 10.0.40219.1
Project("{9A19103F-16F7-4668-BE54-9A1E7A4F7556}") = "TaskAssignementManager.Web", "TaskAssignementManager\TaskAssignementManager.Web.csproj", "{FC0D841B-2A6C-461D-9E76-35C81036A045}"
EndProject
Project("{9A19103F-16F7-4668-BE54-9A1E7A4F7556}") = "TaskAssignementManager.Data", "TaskAssignementManager.Data\TaskAssignementManager.Data.csproj", "{53033A65-0062-4444-BCA6-D30558EFDEF8}"
EndProject
Project("{9A19103F-16F7-4668-BE54-9A1E7A4F7556}") = "TaskAssignementManager.Domain", "TaskAssignementManager.Domain\TaskAssignementManager.Domain.csproj", "{3BB312A1-7F50-4D56-8F2B-D0D72B2FE3F8}"
EndProject
Project("{FAE04EC0-301F-11D3-BF4B-00C04F79EFBC}") = "TaskAssignementManager.IntegrationTests", "TaskAssignementManager.IntegrationTests\TaskAssignementManager.IntegrationTests.csproj", "{5470AD3C-A98D-48B0-BA3D-A504AE7AF12E}"
EndProject
Global
	GlobalSection(SolutionConfigurationPlatforms) = preSolution
		Debug|Any CPU = Debug|Any CPU
		Release|Any CPU = Release|Any CPU
	EndGlobalSection
	GlobalSection(ProjectConfigurationPlatforms) = postSolution
		{FC0D841B-2A6C-461D-9E76-35C81036A045}.Debug|Any CPU.ActiveCfg = Debug|Any CPU
		{FC0D841B-2A6C-461D-9E76-35C81036A045}.Debug|Any CPU.Build.0 = Debug|Any CPU
		{FC0D841B-2A6C-461D-9E76-35C81036A045}.Release|Any CPU.ActiveCfg = Release|Any CPU
		{FC0D841B-2A6C-461D-9E76-35C81036A045}.Release|Any CPU.Build.0 = Release|Any CPU
		{53033A65-0062-4444-BCA6-D30558EFDEF8}.Debug|Any CPU.ActiveCfg = Debug|Any CPU
		{53033A65-0062-4444-BCA6-D30558EFDEF8}.Debug|Any CPU.Build.0 = Debug|Any CPU
		{53033A65-0062-4444-BCA6-D30558EFDEF8}.Release|Any CPU.ActiveCfg = Release|Any CPU
		{53033A65-0062-4444-BCA6-D30558EFDEF8}.Release|Any CPU.Build.0 = Release|Any CPU
		{3BB312A1-7F50-4D56-8F2B-D0D72B2FE3F8}.Debug|Any CPU.ActiveCfg = Debug|Any CPU
		{3BB312A1-7F50-4D56-8F2B-D0D72B2FE3F8}.Debug|Any CPU.Build.0 = Debug|Any CPU
		{3BB312A1-7F50-4D56-8F2B-D0D72B2FE3F8}.Release|Any CPU.ActiveCfg = Release|Any CPU
		{3BB312A1-7F50-4D56-8F2B-D0D72B2FE3F8}.Release|Any CPU.Build.0 = Release|Any CPU
		{5470AD3C-A98D-48B0-BA3D-A504AE7AF12E}.Debug|Any CPU.ActiveCfg = Debug|Any CPU
		{5470AD3C-A98D-48B0-BA3D-A504AE7AF12E}.Debug|Any CPU.Build.0 = Debug|Any CPU
		{5470AD3C-A98D-48B0-BA3D-A504AE7AF12E}.Release|Any CPU.ActiveCfg = Release|Any CPU
		{5470AD3C-A98D-48B0-BA3D-A504AE7AF12E}.Release|Any CPU.Build.0 = Release|Any CPU
	EndGlobalSection
	GlobalSection(SolutionProperties) = preSolution
		HideSolutionNode = FALSE
	EndGlobalSection
	GlobalSection(ExtensibilityGlobals) = postSolution
		SolutionGuid = {EAADF962-BDB0-4C2B-B139-B8593AA09119}
	EndGlobalSection
EndGlobal
